
Microsoft Visual Studio Solution File, Format Version 12.00
# Visual Studio 15
VisualStudioVersion = 15.0.27703.2000
MinimumVisualStudioVersion = 10.0.40219.1
Project("{FAE04EC0-301F-11D3-BF4B-00C04F79EFBC}") = "CSharpDemo", "CSharpDemo\CSharpDemo.csproj", "{3453FA6D-425F-4E8C-B157-BE560A3D101F}"
EndProject
Project("{FAE04EC0-301F-11D3-BF4B-00C04F79EFBC}") = "CSharpDemoAux", "CSharpDemoAux\CSharpDemoAux.csproj", "{C43EF999-B1AD-4BB8-A0F6-6DFFCC2A4F0B}"
EndProject
Project("{FAE04EC0-301F-11D3-BF4B-00C04F79EFBC}") = "CSharpDemoReferenceAux", "CSharpDemoReferenceAux\CSharpDemoReferenceAux.csproj", "{30E6A062-0177-4EF6-806E-4BA1E0E9B57A}"
EndProject
Project("{FAE04EC0-301F-11D3-BF4B-00C04F79EFBC}") = "AzureKustoDemo", "AzureKustoDemo\AzureKustoDemo.csproj", "{B37B154D-CF6D-4306-9D70-E65DF49E56D5}"
EndProject
Project("{FAE04EC0-301F-11D3-BF4B-00C04F79EFBC}") = "CosmosDemo", "CosmosDemo\CosmosDemo.csproj", "{44FB84D2-1797-48CE-9076-8429BEE60D9F}"
EndProject
Project("{FAE04EC0-301F-11D3-BF4B-00C04F79EFBC}") = "AdlsDemo", "AdlsDemo\AdlsDemo.csproj", "{D4E90042-B033-452C-8642-762D4F23E1AE}"
EndProject
Project("{FAE04EC0-301F-11D3-BF4B-00C04F79EFBC}") = "AzureLib", "AzureLib\AzureLib.csproj", "{8A3F3CE0-E84D-42BC-846E-7531B5A1B8BE}"
EndProject
Project("{FAE04EC0-301F-11D3-BF4B-00C04F79EFBC}") = "MicrosoftServiceBusLib", "MicrosoftServiceBusLib\MicrosoftServiceBusLib.csproj", "{91578222-FAB1-4D83-A4C6-06BB83985A05}"
EndProject
Project("{FAE04EC0-301F-11D3-BF4B-00C04F79EFBC}") = "MetagraphDemo", "MetagraphDemo\MetagraphDemo.csproj", "{4BE010EE-7752-4DFA-9272-2AC5889CCE30}"
EndProject
Project("{FAE04EC0-301F-11D3-BF4B-00C04F79EFBC}") = "SQLDemo", "SQLDemo\SQLDemo.csproj", "{0B4E0438-E37B-4AD6-B395-78C7C6659C55}"
EndProject
Project("{FAE04EC0-301F-11D3-BF4B-00C04F79EFBC}") = "DocFileDemo", "DocFileDemo\DocFileDemo.csproj", "{94AD8AB4-5B00-4F6E-81FE-2F18C85ED186}"
EndProject
Project("{FAE04EC0-301F-11D3-BF4B-00C04F79EFBC}") = "AdlaDemo", "AdlaDemo\AdlaDemo.csproj", "{C2C07487-8184-47D5-92E8-78516C23FDBF}"
EndProject
Project("{FAE04EC0-301F-11D3-BF4B-00C04F79EFBC}") = "AdlaDemo2", "AdlaDemo2\AdlaDemo2.csproj", "{6059CF71-EF1E-42D8-94FB-E8F418C2679B}"
EndProject
Project("{FAE04EC0-301F-11D3-BF4B-00C04F79EFBC}") = "AdfDemo", "AdfDemo\AdfDemo.csproj", "{60AECE80-14F2-461A-B557-3E6B5FABF95C}"
EndProject
Project("{FAE04EC0-301F-11D3-BF4B-00C04F79EFBC}") = "AdfV2Demo", "AdfV2Demo\AdfV2Demo.csproj", "{07E0FD3C-74D9-4F31-8F1C-C53037636484}"
EndProject
Global
	GlobalSection(SolutionConfigurationPlatforms) = preSolution
		Debug|Any CPU = Debug|Any CPU
		Debug|ARM = Debug|ARM
		Debug|ARM64 = Debug|ARM64
		Debug|x64 = Debug|x64
		Debug|x86 = Debug|x86
		Release|Any CPU = Release|Any CPU
		Release|ARM = Release|ARM
		Release|ARM64 = Release|ARM64
		Release|x64 = Release|x64
		Release|x86 = Release|x86
	EndGlobalSection
	GlobalSection(ProjectConfigurationPlatforms) = postSolution
		{3453FA6D-425F-4E8C-B157-BE560A3D101F}.Debug|Any CPU.ActiveCfg = Debug|Any CPU
		{3453FA6D-425F-4E8C-B157-BE560A3D101F}.Debug|Any CPU.Build.0 = Debug|Any CPU
		{3453FA6D-425F-4E8C-B157-BE560A3D101F}.Debug|ARM.ActiveCfg = Debug|Any CPU
		{3453FA6D-425F-4E8C-B157-BE560A3D101F}.Debug|ARM.Build.0 = Debug|Any CPU
		{3453FA6D-425F-4E8C-B157-BE560A3D101F}.Debug|ARM64.ActiveCfg = Debug|Any CPU
		{3453FA6D-425F-4E8C-B157-BE560A3D101F}.Debug|ARM64.Build.0 = Debug|Any CPU
		{3453FA6D-425F-4E8C-B157-BE560A3D101F}.Debug|x64.ActiveCfg = Debug|Any CPU
		{3453FA6D-425F-4E8C-B157-BE560A3D101F}.Debug|x64.Build.0 = Debug|Any CPU
		{3453FA6D-425F-4E8C-B157-BE560A3D101F}.Debug|x86.ActiveCfg = Debug|Any CPU
		{3453FA6D-425F-4E8C-B157-BE560A3D101F}.Debug|x86.Build.0 = Debug|Any CPU
		{3453FA6D-425F-4E8C-B157-BE560A3D101F}.Release|Any CPU.ActiveCfg = Release|Any CPU
		{3453FA6D-425F-4E8C-B157-BE560A3D101F}.Release|Any CPU.Build.0 = Release|Any CPU
		{3453FA6D-425F-4E8C-B157-BE560A3D101F}.Release|ARM.ActiveCfg = Release|Any CPU
		{3453FA6D-425F-4E8C-B157-BE560A3D101F}.Release|ARM.Build.0 = Release|Any CPU
		{3453FA6D-425F-4E8C-B157-BE560A3D101F}.Release|ARM64.ActiveCfg = Release|Any CPU
		{3453FA6D-425F-4E8C-B157-BE560A3D101F}.Release|ARM64.Build.0 = Release|Any CPU
		{3453FA6D-425F-4E8C-B157-BE560A3D101F}.Release|x64.ActiveCfg = Release|Any CPU
		{3453FA6D-425F-4E8C-B157-BE560A3D101F}.Release|x64.Build.0 = Release|Any CPU
		{3453FA6D-425F-4E8C-B157-BE560A3D101F}.Release|x86.ActiveCfg = Release|Any CPU
		{3453FA6D-425F-4E8C-B157-BE560A3D101F}.Release|x86.Build.0 = Release|Any CPU
		{C43EF999-B1AD-4BB8-A0F6-6DFFCC2A4F0B}.Debug|Any CPU.ActiveCfg = Debug|Any CPU
		{C43EF999-B1AD-4BB8-A0F6-6DFFCC2A4F0B}.Debug|Any CPU.Build.0 = Debug|Any CPU
		{C43EF999-B1AD-4BB8-A0F6-6DFFCC2A4F0B}.Debug|ARM.ActiveCfg = Debug|Any CPU
		{C43EF999-B1AD-4BB8-A0F6-6DFFCC2A4F0B}.Debug|ARM.Build.0 = Debug|Any CPU
		{C43EF999-B1AD-4BB8-A0F6-6DFFCC2A4F0B}.Debug|ARM64.ActiveCfg = Debug|Any CPU
		{C43EF999-B1AD-4BB8-A0F6-6DFFCC2A4F0B}.Debug|ARM64.Build.0 = Debug|Any CPU
		{C43EF999-B1AD-4BB8-A0F6-6DFFCC2A4F0B}.Debug|x64.ActiveCfg = Debug|Any CPU
		{C43EF999-B1AD-4BB8-A0F6-6DFFCC2A4F0B}.Debug|x64.Build.0 = Debug|Any CPU
		{C43EF999-B1AD-4BB8-A0F6-6DFFCC2A4F0B}.Debug|x86.ActiveCfg = Debug|Any CPU
		{C43EF999-B1AD-4BB8-A0F6-6DFFCC2A4F0B}.Debug|x86.Build.0 = Debug|Any CPU
		{C43EF999-B1AD-4BB8-A0F6-6DFFCC2A4F0B}.Release|Any CPU.ActiveCfg = Release|Any CPU
		{C43EF999-B1AD-4BB8-A0F6-6DFFCC2A4F0B}.Release|Any CPU.Build.0 = Release|Any CPU
		{C43EF999-B1AD-4BB8-A0F6-6DFFCC2A4F0B}.Release|ARM.ActiveCfg = Release|Any CPU
		{C43EF999-B1AD-4BB8-A0F6-6DFFCC2A4F0B}.Release|ARM.Build.0 = Release|Any CPU
		{C43EF999-B1AD-4BB8-A0F6-6DFFCC2A4F0B}.Release|ARM64.ActiveCfg = Release|Any CPU
		{C43EF999-B1AD-4BB8-A0F6-6DFFCC2A4F0B}.Release|ARM64.Build.0 = Release|Any CPU
		{C43EF999-B1AD-4BB8-A0F6-6DFFCC2A4F0B}.Release|x64.ActiveCfg = Release|Any CPU
		{C43EF999-B1AD-4BB8-A0F6-6DFFCC2A4F0B}.Release|x64.Build.0 = Release|Any CPU
		{C43EF999-B1AD-4BB8-A0F6-6DFFCC2A4F0B}.Release|x86.ActiveCfg = Release|Any CPU
		{C43EF999-B1AD-4BB8-A0F6-6DFFCC2A4F0B}.Release|x86.Build.0 = Release|Any CPU
		{30E6A062-0177-4EF6-806E-4BA1E0E9B57A}.Debug|Any CPU.ActiveCfg = Debug|Any CPU
		{30E6A062-0177-4EF6-806E-4BA1E0E9B57A}.Debug|Any CPU.Build.0 = Debug|Any CPU
		{30E6A062-0177-4EF6-806E-4BA1E0E9B57A}.Debug|ARM.ActiveCfg = Debug|Any CPU
		{30E6A062-0177-4EF6-806E-4BA1E0E9B57A}.Debug|ARM.Build.0 = Debug|Any CPU
		{30E6A062-0177-4EF6-806E-4BA1E0E9B57A}.Debug|ARM64.ActiveCfg = Debug|Any CPU
		{30E6A062-0177-4EF6-806E-4BA1E0E9B57A}.Debug|ARM64.Build.0 = Debug|Any CPU
		{30E6A062-0177-4EF6-806E-4BA1E0E9B57A}.Debug|x64.ActiveCfg = Debug|Any CPU
		{30E6A062-0177-4EF6-806E-4BA1E0E9B57A}.Debug|x64.Build.0 = Debug|Any CPU
		{30E6A062-0177-4EF6-806E-4BA1E0E9B57A}.Debug|x86.ActiveCfg = Debug|Any CPU
		{30E6A062-0177-4EF6-806E-4BA1E0E9B57A}.Debug|x86.Build.0 = Debug|Any CPU
		{30E6A062-0177-4EF6-806E-4BA1E0E9B57A}.Release|Any CPU.ActiveCfg = Release|Any CPU
		{30E6A062-0177-4EF6-806E-4BA1E0E9B57A}.Release|Any CPU.Build.0 = Release|Any CPU
		{30E6A062-0177-4EF6-806E-4BA1E0E9B57A}.Release|ARM.ActiveCfg = Release|Any CPU
		{30E6A062-0177-4EF6-806E-4BA1E0E9B57A}.Release|ARM.Build.0 = Release|Any CPU
		{30E6A062-0177-4EF6-806E-4BA1E0E9B57A}.Release|ARM64.ActiveCfg = Release|Any CPU
		{30E6A062-0177-4EF6-806E-4BA1E0E9B57A}.Release|ARM64.Build.0 = Release|Any CPU
		{30E6A062-0177-4EF6-806E-4BA1E0E9B57A}.Release|x64.ActiveCfg = Release|Any CPU
		{30E6A062-0177-4EF6-806E-4BA1E0E9B57A}.Release|x64.Build.0 = Release|Any CPU
		{30E6A062-0177-4EF6-806E-4BA1E0E9B57A}.Release|x86.ActiveCfg = Release|Any CPU
		{30E6A062-0177-4EF6-806E-4BA1E0E9B57A}.Release|x86.Build.0 = Release|Any CPU
		{B37B154D-CF6D-4306-9D70-E65DF49E56D5}.Debug|Any CPU.ActiveCfg = Debug|Any CPU
		{B37B154D-CF6D-4306-9D70-E65DF49E56D5}.Debug|Any CPU.Build.0 = Debug|Any CPU
		{B37B154D-CF6D-4306-9D70-E65DF49E56D5}.Debug|ARM.ActiveCfg = Debug|Any CPU
		{B37B154D-CF6D-4306-9D70-E65DF49E56D5}.Debug|ARM.Build.0 = Debug|Any CPU
		{B37B154D-CF6D-4306-9D70-E65DF49E56D5}.Debug|ARM64.ActiveCfg = Debug|Any CPU
		{B37B154D-CF6D-4306-9D70-E65DF49E56D5}.Debug|ARM64.Build.0 = Debug|Any CPU
		{B37B154D-CF6D-4306-9D70-E65DF49E56D5}.Debug|x64.ActiveCfg = Debug|Any CPU
		{B37B154D-CF6D-4306-9D70-E65DF49E56D5}.Debug|x64.Build.0 = Debug|Any CPU
		{B37B154D-CF6D-4306-9D70-E65DF49E56D5}.Debug|x86.ActiveCfg = Debug|Any CPU
		{B37B154D-CF6D-4306-9D70-E65DF49E56D5}.Debug|x86.Build.0 = Debug|Any CPU
		{B37B154D-CF6D-4306-9D70-E65DF49E56D5}.Release|Any CPU.ActiveCfg = Release|Any CPU
		{B37B154D-CF6D-4306-9D70-E65DF49E56D5}.Release|Any CPU.Build.0 = Release|Any CPU
		{B37B154D-CF6D-4306-9D70-E65DF49E56D5}.Release|ARM.ActiveCfg = Release|Any CPU
		{B37B154D-CF6D-4306-9D70-E65DF49E56D5}.Release|ARM.Build.0 = Release|Any CPU
		{B37B154D-CF6D-4306-9D70-E65DF49E56D5}.Release|ARM64.ActiveCfg = Release|Any CPU
		{B37B154D-CF6D-4306-9D70-E65DF49E56D5}.Release|ARM64.Build.0 = Release|Any CPU
		{B37B154D-CF6D-4306-9D70-E65DF49E56D5}.Release|x64.ActiveCfg = Release|Any CPU
		{B37B154D-CF6D-4306-9D70-E65DF49E56D5}.Release|x64.Build.0 = Release|Any CPU
		{B37B154D-CF6D-4306-9D70-E65DF49E56D5}.Release|x86.ActiveCfg = Release|Any CPU
		{B37B154D-CF6D-4306-9D70-E65DF49E56D5}.Release|x86.Build.0 = Release|Any CPU
		{44FB84D2-1797-48CE-9076-8429BEE60D9F}.Debug|Any CPU.ActiveCfg = Debug|Any CPU
		{44FB84D2-1797-48CE-9076-8429BEE60D9F}.Debug|Any CPU.Build.0 = Debug|Any CPU
		{44FB84D2-1797-48CE-9076-8429BEE60D9F}.Debug|ARM.ActiveCfg = Debug|Any CPU
		{44FB84D2-1797-48CE-9076-8429BEE60D9F}.Debug|ARM.Build.0 = Debug|Any CPU
		{44FB84D2-1797-48CE-9076-8429BEE60D9F}.Debug|ARM64.ActiveCfg = Debug|Any CPU
		{44FB84D2-1797-48CE-9076-8429BEE60D9F}.Debug|ARM64.Build.0 = Debug|Any CPU
		{44FB84D2-1797-48CE-9076-8429BEE60D9F}.Debug|x64.ActiveCfg = Debug|Any CPU
		{44FB84D2-1797-48CE-9076-8429BEE60D9F}.Debug|x64.Build.0 = Debug|Any CPU
		{44FB84D2-1797-48CE-9076-8429BEE60D9F}.Debug|x86.ActiveCfg = Debug|Any CPU
		{44FB84D2-1797-48CE-9076-8429BEE60D9F}.Debug|x86.Build.0 = Debug|Any CPU
		{44FB84D2-1797-48CE-9076-8429BEE60D9F}.Release|Any CPU.ActiveCfg = Release|Any CPU
		{44FB84D2-1797-48CE-9076-8429BEE60D9F}.Release|Any CPU.Build.0 = Release|Any CPU
		{44FB84D2-1797-48CE-9076-8429BEE60D9F}.Release|ARM.ActiveCfg = Release|Any CPU
		{44FB84D2-1797-48CE-9076-8429BEE60D9F}.Release|ARM.Build.0 = Release|Any CPU
		{44FB84D2-1797-48CE-9076-8429BEE60D9F}.Release|ARM64.ActiveCfg = Release|Any CPU
		{44FB84D2-1797-48CE-9076-8429BEE60D9F}.Release|ARM64.Build.0 = Release|Any CPU
		{44FB84D2-1797-48CE-9076-8429BEE60D9F}.Release|x64.ActiveCfg = Release|Any CPU
		{44FB84D2-1797-48CE-9076-8429BEE60D9F}.Release|x64.Build.0 = Release|Any CPU
		{44FB84D2-1797-48CE-9076-8429BEE60D9F}.Release|x86.ActiveCfg = Release|Any CPU
		{44FB84D2-1797-48CE-9076-8429BEE60D9F}.Release|x86.Build.0 = Release|Any CPU
		{D4E90042-B033-452C-8642-762D4F23E1AE}.Debug|Any CPU.ActiveCfg = Debug|Any CPU
		{D4E90042-B033-452C-8642-762D4F23E1AE}.Debug|Any CPU.Build.0 = Debug|Any CPU
		{D4E90042-B033-452C-8642-762D4F23E1AE}.Debug|ARM.ActiveCfg = Debug|Any CPU
		{D4E90042-B033-452C-8642-762D4F23E1AE}.Debug|ARM.Build.0 = Debug|Any CPU
		{D4E90042-B033-452C-8642-762D4F23E1AE}.Debug|ARM64.ActiveCfg = Debug|Any CPU
		{D4E90042-B033-452C-8642-762D4F23E1AE}.Debug|ARM64.Build.0 = Debug|Any CPU
		{D4E90042-B033-452C-8642-762D4F23E1AE}.Debug|x64.ActiveCfg = Debug|Any CPU
		{D4E90042-B033-452C-8642-762D4F23E1AE}.Debug|x64.Build.0 = Debug|Any CPU
		{D4E90042-B033-452C-8642-762D4F23E1AE}.Debug|x86.ActiveCfg = Debug|Any CPU
		{D4E90042-B033-452C-8642-762D4F23E1AE}.Debug|x86.Build.0 = Debug|Any CPU
		{D4E90042-B033-452C-8642-762D4F23E1AE}.Release|Any CPU.ActiveCfg = Release|Any CPU
		{D4E90042-B033-452C-8642-762D4F23E1AE}.Release|Any CPU.Build.0 = Release|Any CPU
		{D4E90042-B033-452C-8642-762D4F23E1AE}.Release|ARM.ActiveCfg = Release|Any CPU
		{D4E90042-B033-452C-8642-762D4F23E1AE}.Release|ARM.Build.0 = Release|Any CPU
		{D4E90042-B033-452C-8642-762D4F23E1AE}.Release|ARM64.ActiveCfg = Release|Any CPU
		{D4E90042-B033-452C-8642-762D4F23E1AE}.Release|ARM64.Build.0 = Release|Any CPU
		{D4E90042-B033-452C-8642-762D4F23E1AE}.Release|x64.ActiveCfg = Release|Any CPU
		{D4E90042-B033-452C-8642-762D4F23E1AE}.Release|x64.Build.0 = Release|Any CPU
		{D4E90042-B033-452C-8642-762D4F23E1AE}.Release|x86.ActiveCfg = Release|Any CPU
		{D4E90042-B033-452C-8642-762D4F23E1AE}.Release|x86.Build.0 = Release|Any CPU
		{8A3F3CE0-E84D-42BC-846E-7531B5A1B8BE}.Debug|Any CPU.ActiveCfg = Debug|Any CPU
		{8A3F3CE0-E84D-42BC-846E-7531B5A1B8BE}.Debug|Any CPU.Build.0 = Debug|Any CPU
		{8A3F3CE0-E84D-42BC-846E-7531B5A1B8BE}.Debug|ARM.ActiveCfg = Debug|Any CPU
		{8A3F3CE0-E84D-42BC-846E-7531B5A1B8BE}.Debug|ARM.Build.0 = Debug|Any CPU
		{8A3F3CE0-E84D-42BC-846E-7531B5A1B8BE}.Debug|ARM64.ActiveCfg = Debug|Any CPU
		{8A3F3CE0-E84D-42BC-846E-7531B5A1B8BE}.Debug|ARM64.Build.0 = Debug|Any CPU
		{8A3F3CE0-E84D-42BC-846E-7531B5A1B8BE}.Debug|x64.ActiveCfg = Debug|Any CPU
		{8A3F3CE0-E84D-42BC-846E-7531B5A1B8BE}.Debug|x64.Build.0 = Debug|Any CPU
		{8A3F3CE0-E84D-42BC-846E-7531B5A1B8BE}.Debug|x86.ActiveCfg = Debug|Any CPU
		{8A3F3CE0-E84D-42BC-846E-7531B5A1B8BE}.Debug|x86.Build.0 = Debug|Any CPU
		{8A3F3CE0-E84D-42BC-846E-7531B5A1B8BE}.Release|Any CPU.ActiveCfg = Release|Any CPU
		{8A3F3CE0-E84D-42BC-846E-7531B5A1B8BE}.Release|Any CPU.Build.0 = Release|Any CPU
		{8A3F3CE0-E84D-42BC-846E-7531B5A1B8BE}.Release|ARM.ActiveCfg = Release|Any CPU
		{8A3F3CE0-E84D-42BC-846E-7531B5A1B8BE}.Release|ARM.Build.0 = Release|Any CPU
		{8A3F3CE0-E84D-42BC-846E-7531B5A1B8BE}.Release|ARM64.ActiveCfg = Release|Any CPU
		{8A3F3CE0-E84D-42BC-846E-7531B5A1B8BE}.Release|ARM64.Build.0 = Release|Any CPU
		{8A3F3CE0-E84D-42BC-846E-7531B5A1B8BE}.Release|x64.ActiveCfg = Release|Any CPU
		{8A3F3CE0-E84D-42BC-846E-7531B5A1B8BE}.Release|x64.Build.0 = Release|Any CPU
		{8A3F3CE0-E84D-42BC-846E-7531B5A1B8BE}.Release|x86.ActiveCfg = Release|Any CPU
		{8A3F3CE0-E84D-42BC-846E-7531B5A1B8BE}.Release|x86.Build.0 = Release|Any CPU
		{91578222-FAB1-4D83-A4C6-06BB83985A05}.Debug|Any CPU.ActiveCfg = Debug|Any CPU
		{91578222-FAB1-4D83-A4C6-06BB83985A05}.Debug|Any CPU.Build.0 = Debug|Any CPU
		{91578222-FAB1-4D83-A4C6-06BB83985A05}.Debug|ARM.ActiveCfg = Debug|Any CPU
		{91578222-FAB1-4D83-A4C6-06BB83985A05}.Debug|ARM.Build.0 = Debug|Any CPU
		{91578222-FAB1-4D83-A4C6-06BB83985A05}.Debug|ARM64.ActiveCfg = Debug|Any CPU
		{91578222-FAB1-4D83-A4C6-06BB83985A05}.Debug|ARM64.Build.0 = Debug|Any CPU
		{91578222-FAB1-4D83-A4C6-06BB83985A05}.Debug|x64.ActiveCfg = Debug|Any CPU
		{91578222-FAB1-4D83-A4C6-06BB83985A05}.Debug|x64.Build.0 = Debug|Any CPU
		{91578222-FAB1-4D83-A4C6-06BB83985A05}.Debug|x86.ActiveCfg = Debug|Any CPU
		{91578222-FAB1-4D83-A4C6-06BB83985A05}.Debug|x86.Build.0 = Debug|Any CPU
		{91578222-FAB1-4D83-A4C6-06BB83985A05}.Release|Any CPU.ActiveCfg = Release|Any CPU
		{91578222-FAB1-4D83-A4C6-06BB83985A05}.Release|Any CPU.Build.0 = Release|Any CPU
		{91578222-FAB1-4D83-A4C6-06BB83985A05}.Release|ARM.ActiveCfg = Release|Any CPU
		{91578222-FAB1-4D83-A4C6-06BB83985A05}.Release|ARM.Build.0 = Release|Any CPU
		{91578222-FAB1-4D83-A4C6-06BB83985A05}.Release|ARM64.ActiveCfg = Release|Any CPU
		{91578222-FAB1-4D83-A4C6-06BB83985A05}.Release|ARM64.Build.0 = Release|Any CPU
		{91578222-FAB1-4D83-A4C6-06BB83985A05}.Release|x64.ActiveCfg = Release|Any CPU
		{91578222-FAB1-4D83-A4C6-06BB83985A05}.Release|x64.Build.0 = Release|Any CPU
		{91578222-FAB1-4D83-A4C6-06BB83985A05}.Release|x86.ActiveCfg = Release|Any CPU
		{91578222-FAB1-4D83-A4C6-06BB83985A05}.Release|x86.Build.0 = Release|Any CPU
		{4BE010EE-7752-4DFA-9272-2AC5889CCE30}.Debug|Any CPU.ActiveCfg = Debug|Any CPU
		{4BE010EE-7752-4DFA-9272-2AC5889CCE30}.Debug|Any CPU.Build.0 = Debug|Any CPU
		{4BE010EE-7752-4DFA-9272-2AC5889CCE30}.Debug|ARM.ActiveCfg = Debug|Any CPU
		{4BE010EE-7752-4DFA-9272-2AC5889CCE30}.Debug|ARM.Build.0 = Debug|Any CPU
		{4BE010EE-7752-4DFA-9272-2AC5889CCE30}.Debug|ARM64.ActiveCfg = Debug|Any CPU
		{4BE010EE-7752-4DFA-9272-2AC5889CCE30}.Debug|ARM64.Build.0 = Debug|Any CPU
		{4BE010EE-7752-4DFA-9272-2AC5889CCE30}.Debug|x64.ActiveCfg = Debug|Any CPU
		{4BE010EE-7752-4DFA-9272-2AC5889CCE30}.Debug|x64.Build.0 = Debug|Any CPU
		{4BE010EE-7752-4DFA-9272-2AC5889CCE30}.Debug|x86.ActiveCfg = Debug|Any CPU
		{4BE010EE-7752-4DFA-9272-2AC5889CCE30}.Debug|x86.Build.0 = Debug|Any CPU
		{4BE010EE-7752-4DFA-9272-2AC5889CCE30}.Release|Any CPU.ActiveCfg = Release|Any CPU
		{4BE010EE-7752-4DFA-9272-2AC5889CCE30}.Release|Any CPU.Build.0 = Release|Any CPU
		{4BE010EE-7752-4DFA-9272-2AC5889CCE30}.Release|ARM.ActiveCfg = Release|Any CPU
		{4BE010EE-7752-4DFA-9272-2AC5889CCE30}.Release|ARM.Build.0 = Release|Any CPU
		{4BE010EE-7752-4DFA-9272-2AC5889CCE30}.Release|ARM64.ActiveCfg = Release|Any CPU
		{4BE010EE-7752-4DFA-9272-2AC5889CCE30}.Release|ARM64.Build.0 = Release|Any CPU
		{4BE010EE-7752-4DFA-9272-2AC5889CCE30}.Release|x64.ActiveCfg = Release|Any CPU
		{4BE010EE-7752-4DFA-9272-2AC5889CCE30}.Release|x64.Build.0 = Release|Any CPU
		{4BE010EE-7752-4DFA-9272-2AC5889CCE30}.Release|x86.ActiveCfg = Release|Any CPU
		{4BE010EE-7752-4DFA-9272-2AC5889CCE30}.Release|x86.Build.0 = Release|Any CPU
		{0B4E0438-E37B-4AD6-B395-78C7C6659C55}.Debug|Any CPU.ActiveCfg = Debug|Any CPU
		{0B4E0438-E37B-4AD6-B395-78C7C6659C55}.Debug|Any CPU.Build.0 = Debug|Any CPU
		{0B4E0438-E37B-4AD6-B395-78C7C6659C55}.Debug|ARM.ActiveCfg = Debug|Any CPU
		{0B4E0438-E37B-4AD6-B395-78C7C6659C55}.Debug|ARM.Build.0 = Debug|Any CPU
		{0B4E0438-E37B-4AD6-B395-78C7C6659C55}.Debug|ARM64.ActiveCfg = Debug|Any CPU
		{0B4E0438-E37B-4AD6-B395-78C7C6659C55}.Debug|ARM64.Build.0 = Debug|Any CPU
		{0B4E0438-E37B-4AD6-B395-78C7C6659C55}.Debug|x64.ActiveCfg = Debug|Any CPU
		{0B4E0438-E37B-4AD6-B395-78C7C6659C55}.Debug|x64.Build.0 = Debug|Any CPU
		{0B4E0438-E37B-4AD6-B395-78C7C6659C55}.Debug|x86.ActiveCfg = Debug|Any CPU
		{0B4E0438-E37B-4AD6-B395-78C7C6659C55}.Debug|x86.Build.0 = Debug|Any CPU
		{0B4E0438-E37B-4AD6-B395-78C7C6659C55}.Release|Any CPU.ActiveCfg = Release|Any CPU
		{0B4E0438-E37B-4AD6-B395-78C7C6659C55}.Release|Any CPU.Build.0 = Release|Any CPU
		{0B4E0438-E37B-4AD6-B395-78C7C6659C55}.Release|ARM.ActiveCfg = Release|Any CPU
		{0B4E0438-E37B-4AD6-B395-78C7C6659C55}.Release|ARM.Build.0 = Release|Any CPU
		{0B4E0438-E37B-4AD6-B395-78C7C6659C55}.Release|ARM64.ActiveCfg = Release|Any CPU
		{0B4E0438-E37B-4AD6-B395-78C7C6659C55}.Release|ARM64.Build.0 = Release|Any CPU
		{0B4E0438-E37B-4AD6-B395-78C7C6659C55}.Release|x64.ActiveCfg = Release|Any CPU
		{0B4E0438-E37B-4AD6-B395-78C7C6659C55}.Release|x64.Build.0 = Release|Any CPU
		{0B4E0438-E37B-4AD6-B395-78C7C6659C55}.Release|x86.ActiveCfg = Release|Any CPU
		{0B4E0438-E37B-4AD6-B395-78C7C6659C55}.Release|x86.Build.0 = Release|Any CPU
		{94AD8AB4-5B00-4F6E-81FE-2F18C85ED186}.Debug|Any CPU.ActiveCfg = Debug|Any CPU
		{94AD8AB4-5B00-4F6E-81FE-2F18C85ED186}.Debug|Any CPU.Build.0 = Debug|Any CPU
		{94AD8AB4-5B00-4F6E-81FE-2F18C85ED186}.Debug|ARM.ActiveCfg = Debug|Any CPU
		{94AD8AB4-5B00-4F6E-81FE-2F18C85ED186}.Debug|ARM.Build.0 = Debug|Any CPU
		{94AD8AB4-5B00-4F6E-81FE-2F18C85ED186}.Debug|ARM64.ActiveCfg = Debug|Any CPU
		{94AD8AB4-5B00-4F6E-81FE-2F18C85ED186}.Debug|ARM64.Build.0 = Debug|Any CPU
		{94AD8AB4-5B00-4F6E-81FE-2F18C85ED186}.Debug|x64.ActiveCfg = Debug|Any CPU
		{94AD8AB4-5B00-4F6E-81FE-2F18C85ED186}.Debug|x64.Build.0 = Debug|Any CPU
		{94AD8AB4-5B00-4F6E-81FE-2F18C85ED186}.Debug|x86.ActiveCfg = Debug|Any CPU
		{94AD8AB4-5B00-4F6E-81FE-2F18C85ED186}.Debug|x86.Build.0 = Debug|Any CPU
		{94AD8AB4-5B00-4F6E-81FE-2F18C85ED186}.Release|Any CPU.ActiveCfg = Release|Any CPU
		{94AD8AB4-5B00-4F6E-81FE-2F18C85ED186}.Release|Any CPU.Build.0 = Release|Any CPU
		{94AD8AB4-5B00-4F6E-81FE-2F18C85ED186}.Release|ARM.ActiveCfg = Release|Any CPU
		{94AD8AB4-5B00-4F6E-81FE-2F18C85ED186}.Release|ARM.Build.0 = Release|Any CPU
		{94AD8AB4-5B00-4F6E-81FE-2F18C85ED186}.Release|ARM64.ActiveCfg = Release|Any CPU
		{94AD8AB4-5B00-4F6E-81FE-2F18C85ED186}.Release|ARM64.Build.0 = Release|Any CPU
		{94AD8AB4-5B00-4F6E-81FE-2F18C85ED186}.Release|x64.ActiveCfg = Release|Any CPU
		{94AD8AB4-5B00-4F6E-81FE-2F18C85ED186}.Release|x64.Build.0 = Release|Any CPU
		{94AD8AB4-5B00-4F6E-81FE-2F18C85ED186}.Release|x86.ActiveCfg = Release|Any CPU
		{94AD8AB4-5B00-4F6E-81FE-2F18C85ED186}.Release|x86.Build.0 = Release|Any CPU
		{C2C07487-8184-47D5-92E8-78516C23FDBF}.Debug|Any CPU.ActiveCfg = Debug|Any CPU
		{C2C07487-8184-47D5-92E8-78516C23FDBF}.Debug|Any CPU.Build.0 = Debug|Any CPU
		{C2C07487-8184-47D5-92E8-78516C23FDBF}.Debug|ARM.ActiveCfg = Debug|Any CPU
		{C2C07487-8184-47D5-92E8-78516C23FDBF}.Debug|ARM.Build.0 = Debug|Any CPU
		{C2C07487-8184-47D5-92E8-78516C23FDBF}.Debug|ARM64.ActiveCfg = Debug|Any CPU
		{C2C07487-8184-47D5-92E8-78516C23FDBF}.Debug|ARM64.Build.0 = Debug|Any CPU
		{C2C07487-8184-47D5-92E8-78516C23FDBF}.Debug|x64.ActiveCfg = Debug|Any CPU
		{C2C07487-8184-47D5-92E8-78516C23FDBF}.Debug|x64.Build.0 = Debug|Any CPU
		{C2C07487-8184-47D5-92E8-78516C23FDBF}.Debug|x86.ActiveCfg = Debug|Any CPU
		{C2C07487-8184-47D5-92E8-78516C23FDBF}.Debug|x86.Build.0 = Debug|Any CPU
		{C2C07487-8184-47D5-92E8-78516C23FDBF}.Release|Any CPU.ActiveCfg = Release|Any CPU
		{C2C07487-8184-47D5-92E8-78516C23FDBF}.Release|Any CPU.Build.0 = Release|Any CPU
		{C2C07487-8184-47D5-92E8-78516C23FDBF}.Release|ARM.ActiveCfg = Release|Any CPU
		{C2C07487-8184-47D5-92E8-78516C23FDBF}.Release|ARM.Build.0 = Release|Any CPU
		{C2C07487-8184-47D5-92E8-78516C23FDBF}.Release|ARM64.ActiveCfg = Release|Any CPU
		{C2C07487-8184-47D5-92E8-78516C23FDBF}.Release|ARM64.Build.0 = Release|Any CPU
		{C2C07487-8184-47D5-92E8-78516C23FDBF}.Release|x64.ActiveCfg = Release|Any CPU
		{C2C07487-8184-47D5-92E8-78516C23FDBF}.Release|x64.Build.0 = Release|Any CPU
		{C2C07487-8184-47D5-92E8-78516C23FDBF}.Release|x86.ActiveCfg = Release|Any CPU
		{C2C07487-8184-47D5-92E8-78516C23FDBF}.Release|x86.Build.0 = Release|Any CPU
		{6059CF71-EF1E-42D8-94FB-E8F418C2679B}.Debug|Any CPU.ActiveCfg = Debug|Any CPU
		{6059CF71-EF1E-42D8-94FB-E8F418C2679B}.Debug|Any CPU.Build.0 = Debug|Any CPU
		{6059CF71-EF1E-42D8-94FB-E8F418C2679B}.Debug|ARM.ActiveCfg = Debug|Any CPU
		{6059CF71-EF1E-42D8-94FB-E8F418C2679B}.Debug|ARM.Build.0 = Debug|Any CPU
		{6059CF71-EF1E-42D8-94FB-E8F418C2679B}.Debug|ARM64.ActiveCfg = Debug|Any CPU
		{6059CF71-EF1E-42D8-94FB-E8F418C2679B}.Debug|ARM64.Build.0 = Debug|Any CPU
		{6059CF71-EF1E-42D8-94FB-E8F418C2679B}.Debug|x64.ActiveCfg = Debug|Any CPU
		{6059CF71-EF1E-42D8-94FB-E8F418C2679B}.Debug|x64.Build.0 = Debug|Any CPU
		{6059CF71-EF1E-42D8-94FB-E8F418C2679B}.Debug|x86.ActiveCfg = Debug|Any CPU
		{6059CF71-EF1E-42D8-94FB-E8F418C2679B}.Debug|x86.Build.0 = Debug|Any CPU
		{6059CF71-EF1E-42D8-94FB-E8F418C2679B}.Release|Any CPU.ActiveCfg = Release|Any CPU
		{6059CF71-EF1E-42D8-94FB-E8F418C2679B}.Release|Any CPU.Build.0 = Release|Any CPU
		{6059CF71-EF1E-42D8-94FB-E8F418C2679B}.Release|ARM.ActiveCfg = Release|Any CPU
		{6059CF71-EF1E-42D8-94FB-E8F418C2679B}.Release|ARM.Build.0 = Release|Any CPU
		{6059CF71-EF1E-42D8-94FB-E8F418C2679B}.Release|ARM64.ActiveCfg = Release|Any CPU
		{6059CF71-EF1E-42D8-94FB-E8F418C2679B}.Release|ARM64.Build.0 = Release|Any CPU
		{6059CF71-EF1E-42D8-94FB-E8F418C2679B}.Release|x64.ActiveCfg = Release|Any CPU
		{6059CF71-EF1E-42D8-94FB-E8F418C2679B}.Release|x64.Build.0 = Release|Any CPU
		{6059CF71-EF1E-42D8-94FB-E8F418C2679B}.Release|x86.ActiveCfg = Release|Any CPU
		{6059CF71-EF1E-42D8-94FB-E8F418C2679B}.Release|x86.Build.0 = Release|Any CPU
		{60AECE80-14F2-461A-B557-3E6B5FABF95C}.Debug|Any CPU.ActiveCfg = Debug|Any CPU
		{60AECE80-14F2-461A-B557-3E6B5FABF95C}.Debug|Any CPU.Build.0 = Debug|Any CPU
		{60AECE80-14F2-461A-B557-3E6B5FABF95C}.Debug|ARM.ActiveCfg = Debug|Any CPU
		{60AECE80-14F2-461A-B557-3E6B5FABF95C}.Debug|ARM.Build.0 = Debug|Any CPU
		{60AECE80-14F2-461A-B557-3E6B5FABF95C}.Debug|ARM64.ActiveCfg = Debug|Any CPU
		{60AECE80-14F2-461A-B557-3E6B5FABF95C}.Debug|ARM64.Build.0 = Debug|Any CPU
		{60AECE80-14F2-461A-B557-3E6B5FABF95C}.Debug|x64.ActiveCfg = Debug|Any CPU
		{60AECE80-14F2-461A-B557-3E6B5FABF95C}.Debug|x64.Build.0 = Debug|Any CPU
		{60AECE80-14F2-461A-B557-3E6B5FABF95C}.Debug|x86.ActiveCfg = Debug|Any CPU
		{60AECE80-14F2-461A-B557-3E6B5FABF95C}.Debug|x86.Build.0 = Debug|Any CPU
		{60AECE80-14F2-461A-B557-3E6B5FABF95C}.Release|Any CPU.ActiveCfg = Release|Any CPU
		{60AECE80-14F2-461A-B557-3E6B5FABF95C}.Release|Any CPU.Build.0 = Release|Any CPU
		{60AECE80-14F2-461A-B557-3E6B5FABF95C}.Release|ARM.ActiveCfg = Release|Any CPU
		{60AECE80-14F2-461A-B557-3E6B5FABF95C}.Release|ARM.Build.0 = Release|Any CPU
		{60AECE80-14F2-461A-B557-3E6B5FABF95C}.Release|ARM64.ActiveCfg = Release|Any CPU
		{60AECE80-14F2-461A-B557-3E6B5FABF95C}.Release|ARM64.Build.0 = Release|Any CPU
		{60AECE80-14F2-461A-B557-3E6B5FABF95C}.Release|x64.ActiveCfg = Release|Any CPU
		{60AECE80-14F2-461A-B557-3E6B5FABF95C}.Release|x64.Build.0 = Release|Any CPU
		{60AECE80-14F2-461A-B557-3E6B5FABF95C}.Release|x86.ActiveCfg = Release|Any CPU
		{60AECE80-14F2-461A-B557-3E6B5FABF95C}.Release|x86.Build.0 = Release|Any CPU
		{07E0FD3C-74D9-4F31-8F1C-C53037636484}.Debug|Any CPU.ActiveCfg = Debug|Any CPU
		{07E0FD3C-74D9-4F31-8F1C-C53037636484}.Debug|Any CPU.Build.0 = Debug|Any CPU
		{07E0FD3C-74D9-4F31-8F1C-C53037636484}.Debug|ARM.ActiveCfg = Debug|Any CPU
		{07E0FD3C-74D9-4F31-8F1C-C53037636484}.Debug|ARM.Build.0 = Debug|Any CPU
		{07E0FD3C-74D9-4F31-8F1C-C53037636484}.Debug|ARM64.ActiveCfg = Debug|Any CPU
		{07E0FD3C-74D9-4F31-8F1C-C53037636484}.Debug|ARM64.Build.0 = Debug|Any CPU
		{07E0FD3C-74D9-4F31-8F1C-C53037636484}.Debug|x64.ActiveCfg = Debug|Any CPU
		{07E0FD3C-74D9-4F31-8F1C-C53037636484}.Debug|x64.Build.0 = Debug|Any CPU
		{07E0FD3C-74D9-4F31-8F1C-C53037636484}.Debug|x86.ActiveCfg = Debug|Any CPU
		{07E0FD3C-74D9-4F31-8F1C-C53037636484}.Debug|x86.Build.0 = Debug|Any CPU
		{07E0FD3C-74D9-4F31-8F1C-C53037636484}.Release|Any CPU.ActiveCfg = Release|Any CPU
		{07E0FD3C-74D9-4F31-8F1C-C53037636484}.Release|Any CPU.Build.0 = Release|Any CPU
		{07E0FD3C-74D9-4F31-8F1C-C53037636484}.Release|ARM.ActiveCfg = Release|Any CPU
		{07E0FD3C-74D9-4F31-8F1C-C53037636484}.Release|ARM.Build.0 = Release|Any CPU
		{07E0FD3C-74D9-4F31-8F1C-C53037636484}.Release|ARM64.ActiveCfg = Release|Any CPU
		{07E0FD3C-74D9-4F31-8F1C-C53037636484}.Release|ARM64.Build.0 = Release|Any CPU
		{07E0FD3C-74D9-4F31-8F1C-C53037636484}.Release|x64.ActiveCfg = Release|Any CPU
		{07E0FD3C-74D9-4F31-8F1C-C53037636484}.Release|x64.Build.0 = Release|Any CPU
		{07E0FD3C-74D9-4F31-8F1C-C53037636484}.Release|x86.ActiveCfg = Release|Any CPU
		{07E0FD3C-74D9-4F31-8F1C-C53037636484}.Release|x86.Build.0 = Release|Any CPU
	EndGlobalSection
	GlobalSection(SolutionProperties) = preSolution
		HideSolutionNode = FALSE
	EndGlobalSection
	GlobalSection(ExtensibilityGlobals) = postSolution
		SolutionGuid = {07741CD3-CC38-4422-A2D7-AA835962568F}
	EndGlobalSection
EndGlobal
