
Microsoft Visual Studio Solution File, Format Version 12.00
# Visual Studio 15
VisualStudioVersion = 15.0.27703.2000
MinimumVisualStudioVersion = 10.0.40219.1
Project("{FAE04EC0-301F-11D3-BF4B-00C04F79EFBC}") = "CSharpDemo", "CSharpDemo\CSharpDemo.csproj", "{3453FA6D-425F-4E8C-B157-BE560A3D101F}"
EndProject
Project("{FAE04EC0-301F-11D3-BF4B-00C04F79EFBC}") = "CSharpDemoAux", "CSharpDemoAux\CSharpDemoAux.csproj", "{C43EF999-B1AD-4BB8-A0F6-6DFFCC2A4F0B}"
EndProject
Project("{FAE04EC0-301F-11D3-BF4B-00C04F79EFBC}") = "CSharpDemoReferenceAux", "CSharpDemoReferenceAux\CSharpDemoReferenceAux.csproj", "{30E6A062-0177-4EF6-806E-4BA1E0E9B57A}"
EndProject
Global
	GlobalSection(SolutionConfigurationPlatforms) = preSolution
		Debug|Any CPU = Debug|Any CPU
		Debug|ARM = Debug|ARM
		Debug|ARM64 = Debug|ARM64
		Debug|x64 = Debug|x64
		Debug|x86 = Debug|x86
		Release|Any CPU = Release|Any CPU
		Release|ARM = Release|ARM
		Release|ARM64 = Release|ARM64
		Release|x64 = Release|x64
		Release|x86 = Release|x86
	EndGlobalSection
	GlobalSection(ProjectConfigurationPlatforms) = postSolution
		{3453FA6D-425F-4E8C-B157-BE560A3D101F}.Debug|Any CPU.ActiveCfg = Debug|Any CPU
		{3453FA6D-425F-4E8C-B157-BE560A3D101F}.Debug|Any CPU.Build.0 = Debug|Any CPU
		{3453FA6D-425F-4E8C-B157-BE560A3D101F}.Debug|ARM.ActiveCfg = Debug|Any CPU
		{3453FA6D-425F-4E8C-B157-BE560A3D101F}.Debug|ARM.Build.0 = Debug|Any CPU
		{3453FA6D-425F-4E8C-B157-BE560A3D101F}.Debug|ARM64.ActiveCfg = Debug|Any CPU
		{3453FA6D-425F-4E8C-B157-BE560A3D101F}.Debug|ARM64.Build.0 = Debug|Any CPU
		{3453FA6D-425F-4E8C-B157-BE560A3D101F}.Debug|x64.ActiveCfg = Debug|Any CPU
		{3453FA6D-425F-4E8C-B157-BE560A3D101F}.Debug|x64.Build.0 = Debug|Any CPU
		{3453FA6D-425F-4E8C-B157-BE560A3D101F}.Debug|x86.ActiveCfg = Debug|Any CPU
		{3453FA6D-425F-4E8C-B157-BE560A3D101F}.Debug|x86.Build.0 = Debug|Any CPU
		{3453FA6D-425F-4E8C-B157-BE560A3D101F}.Release|Any CPU.ActiveCfg = Release|Any CPU
		{3453FA6D-425F-4E8C-B157-BE560A3D101F}.Release|Any CPU.Build.0 = Release|Any CPU
		{3453FA6D-425F-4E8C-B157-BE560A3D101F}.Release|ARM.ActiveCfg = Release|Any CPU
		{3453FA6D-425F-4E8C-B157-BE560A3D101F}.Release|ARM.Build.0 = Release|Any CPU
		{3453FA6D-425F-4E8C-B157-BE560A3D101F}.Release|ARM64.ActiveCfg = Release|Any CPU
		{3453FA6D-425F-4E8C-B157-BE560A3D101F}.Release|ARM64.Build.0 = Release|Any CPU
		{3453FA6D-425F-4E8C-B157-BE560A3D101F}.Release|x64.ActiveCfg = Release|Any CPU
		{3453FA6D-425F-4E8C-B157-BE560A3D101F}.Release|x64.Build.0 = Release|Any CPU
		{3453FA6D-425F-4E8C-B157-BE560A3D101F}.Release|x86.ActiveCfg = Release|Any CPU
		{3453FA6D-425F-4E8C-B157-BE560A3D101F}.Release|x86.Build.0 = Release|Any CPU
		{C43EF999-B1AD-4BB8-A0F6-6DFFCC2A4F0B}.Debug|Any CPU.ActiveCfg = Debug|Any CPU
		{C43EF999-B1AD-4BB8-A0F6-6DFFCC2A4F0B}.Debug|Any CPU.Build.0 = Debug|Any CPU
		{C43EF999-B1AD-4BB8-A0F6-6DFFCC2A4F0B}.Debug|ARM.ActiveCfg = Debug|Any CPU
		{C43EF999-B1AD-4BB8-A0F6-6DFFCC2A4F0B}.Debug|ARM.Build.0 = Debug|Any CPU
		{C43EF999-B1AD-4BB8-A0F6-6DFFCC2A4F0B}.Debug|ARM64.ActiveCfg = Debug|Any CPU
		{C43EF999-B1AD-4BB8-A0F6-6DFFCC2A4F0B}.Debug|ARM64.Build.0 = Debug|Any CPU
		{C43EF999-B1AD-4BB8-A0F6-6DFFCC2A4F0B}.Debug|x64.ActiveCfg = Debug|Any CPU
		{C43EF999-B1AD-4BB8-A0F6-6DFFCC2A4F0B}.Debug|x64.Build.0 = Debug|Any CPU
		{C43EF999-B1AD-4BB8-A0F6-6DFFCC2A4F0B}.Debug|x86.ActiveCfg = Debug|Any CPU
		{C43EF999-B1AD-4BB8-A0F6-6DFFCC2A4F0B}.Debug|x86.Build.0 = Debug|Any CPU
		{C43EF999-B1AD-4BB8-A0F6-6DFFCC2A4F0B}.Release|Any CPU.ActiveCfg = Release|Any CPU
		{C43EF999-B1AD-4BB8-A0F6-6DFFCC2A4F0B}.Release|Any CPU.Build.0 = Release|Any CPU
		{C43EF999-B1AD-4BB8-A0F6-6DFFCC2A4F0B}.Release|ARM.ActiveCfg = Release|Any CPU
		{C43EF999-B1AD-4BB8-A0F6-6DFFCC2A4F0B}.Release|ARM.Build.0 = Release|Any CPU
		{C43EF999-B1AD-4BB8-A0F6-6DFFCC2A4F0B}.Release|ARM64.ActiveCfg = Release|Any CPU
		{C43EF999-B1AD-4BB8-A0F6-6DFFCC2A4F0B}.Release|ARM64.Build.0 = Release|Any CPU
		{C43EF999-B1AD-4BB8-A0F6-6DFFCC2A4F0B}.Release|x64.ActiveCfg = Release|Any CPU
		{C43EF999-B1AD-4BB8-A0F6-6DFFCC2A4F0B}.Release|x64.Build.0 = Release|Any CPU
		{C43EF999-B1AD-4BB8-A0F6-6DFFCC2A4F0B}.Release|x86.ActiveCfg = Release|Any CPU
		{C43EF999-B1AD-4BB8-A0F6-6DFFCC2A4F0B}.Release|x86.Build.0 = Release|Any CPU
		{30E6A062-0177-4EF6-806E-4BA1E0E9B57A}.Debug|Any CPU.ActiveCfg = Debug|Any CPU
		{30E6A062-0177-4EF6-806E-4BA1E0E9B57A}.Debug|Any CPU.Build.0 = Debug|Any CPU
		{30E6A062-0177-4EF6-806E-4BA1E0E9B57A}.Debug|ARM.ActiveCfg = Debug|Any CPU
		{30E6A062-0177-4EF6-806E-4BA1E0E9B57A}.Debug|ARM.Build.0 = Debug|Any CPU
		{30E6A062-0177-4EF6-806E-4BA1E0E9B57A}.Debug|ARM64.ActiveCfg = Debug|Any CPU
		{30E6A062-0177-4EF6-806E-4BA1E0E9B57A}.Debug|ARM64.Build.0 = Debug|Any CPU
		{30E6A062-0177-4EF6-806E-4BA1E0E9B57A}.Debug|x64.ActiveCfg = Debug|Any CPU
		{30E6A062-0177-4EF6-806E-4BA1E0E9B57A}.Debug|x64.Build.0 = Debug|Any CPU
		{30E6A062-0177-4EF6-806E-4BA1E0E9B57A}.Debug|x86.ActiveCfg = Debug|Any CPU
		{30E6A062-0177-4EF6-806E-4BA1E0E9B57A}.Debug|x86.Build.0 = Debug|Any CPU
		{30E6A062-0177-4EF6-806E-4BA1E0E9B57A}.Release|Any CPU.ActiveCfg = Release|Any CPU
		{30E6A062-0177-4EF6-806E-4BA1E0E9B57A}.Release|Any CPU.Build.0 = Release|Any CPU
		{30E6A062-0177-4EF6-806E-4BA1E0E9B57A}.Release|ARM.ActiveCfg = Release|Any CPU
		{30E6A062-0177-4EF6-806E-4BA1E0E9B57A}.Release|ARM.Build.0 = Release|Any CPU
		{30E6A062-0177-4EF6-806E-4BA1E0E9B57A}.Release|ARM64.ActiveCfg = Release|Any CPU
		{30E6A062-0177-4EF6-806E-4BA1E0E9B57A}.Release|ARM64.Build.0 = Release|Any CPU
		{30E6A062-0177-4EF6-806E-4BA1E0E9B57A}.Release|x64.ActiveCfg = Release|Any CPU
		{30E6A062-0177-4EF6-806E-4BA1E0E9B57A}.Release|x64.Build.0 = Release|Any CPU
		{30E6A062-0177-4EF6-806E-4BA1E0E9B57A}.Release|x86.ActiveCfg = Release|Any CPU
		{30E6A062-0177-4EF6-806E-4BA1E0E9B57A}.Release|x86.Build.0 = Release|Any CPU
	EndGlobalSection
	GlobalSection(SolutionProperties) = preSolution
		HideSolutionNode = FALSE
	EndGlobalSection
	GlobalSection(ExtensibilityGlobals) = postSolution
		SolutionGuid = {07741CD3-CC38-4422-A2D7-AA835962568F}
	EndGlobalSection
EndGlobal
